// !$*UTF8*$!
{
	archiveVersion = 1;
	classes = {
	};
	objectVersion = 56;
	objects = {

/* Begin PBXBuildFile section */
		D7592F844A22AD40513362E1 /* Pods_text_to_speech.framework in Frameworks */ = {isa = PBXBuildFile; fileRef = 1A74F8E8AA519C99AC5C07CE /* Pods_text_to_speech.framework */; };
		F4F0AC352C3678CC008CD8CF /* AppDelegate.swift in Sources */ = {isa = PBXBuildFile; fileRef = F4F0AC342C3678CC008CD8CF /* AppDelegate.swift */; };
		F4F0AC372C3678CC008CD8CF /* SceneDelegate.swift in Sources */ = {isa = PBXBuildFile; fileRef = F4F0AC362C3678CC008CD8CF /* SceneDelegate.swift */; };
		F4F0AC392C3678CC008CD8CF /* ViewController.swift in Sources */ = {isa = PBXBuildFile; fileRef = F4F0AC382C3678CC008CD8CF /* ViewController.swift */; };
		F4F0AC3C2C3678CC008CD8CF /* Base in Resources */ = {isa = PBXBuildFile; fileRef = F4F0AC3B2C3678CC008CD8CF /* Base */; };
		F4F0AC3E2C3678CE008CD8CF /* Assets.xcassets in Resources */ = {isa = PBXBuildFile; fileRef = F4F0AC3D2C3678CE008CD8CF /* Assets.xcassets */; };
		F4F0AC412C3678CE008CD8CF /* Base in Resources */ = {isa = PBXBuildFile; fileRef = F4F0AC402C3678CE008CD8CF /* Base */; };
/* End PBXBuildFile section */

/* Begin PBXFileReference section */
		1A74F8E8AA519C99AC5C07CE /* Pods_text_to_speech.framework */ = {isa = PBXFileReference; explicitFileType = wrapper.framework; includeInIndex = 0; path = Pods_text_to_speech.framework; sourceTree = BUILT_PRODUCTS_DIR; };
		9F65D762011E71EEF7C588DE /* Pods-text-to-speech.debug.xcconfig */ = {isa = PBXFileReference; includeInIndex = 1; lastKnownFileType = text.xcconfig; name = "Pods-text-to-speech.debug.xcconfig"; path = "Target Support Files/Pods-text-to-speech/Pods-text-to-speech.debug.xcconfig"; sourceTree = "<group>"; };
		E67006FC0BABF6B71925F1F7 /* Pods-text-to-speech.release.xcconfig */ = {isa = PBXFileReference; includeInIndex = 1; lastKnownFileType = text.xcconfig; name = "Pods-text-to-speech.release.xcconfig"; path = "Target Support Files/Pods-text-to-speech/Pods-text-to-speech.release.xcconfig"; sourceTree = "<group>"; };
		F4F0AC312C3678CC008CD8CF /* text-to-speech.app */ = {isa = PBXFileReference; explicitFileType = wrapper.application; includeInIndex = 0; path = "text-to-speech.app"; sourceTree = BUILT_PRODUCTS_DIR; };
		F4F0AC342C3678CC008CD8CF /* AppDelegate.swift */ = {isa = PBXFileReference; lastKnownFileType = sourcecode.swift; path = AppDelegate.swift; sourceTree = "<group>"; };
		F4F0AC362C3678CC008CD8CF /* SceneDelegate.swift */ = {isa = PBXFileReference; lastKnownFileType = sourcecode.swift; path = SceneDelegate.swift; sourceTree = "<group>"; };
		F4F0AC382C3678CC008CD8CF /* ViewController.swift */ = {isa = PBXFileReference; lastKnownFileType = sourcecode.swift; path = ViewController.swift; sourceTree = "<group>"; };
		F4F0AC3B2C3678CC008CD8CF /* Base */ = {isa = PBXFileReference; lastKnownFileType = file.storyboard; name = Base; path = Base.lproj/Main.storyboard; sourceTree = "<group>"; };
		F4F0AC3D2C3678CE008CD8CF /* Assets.xcassets */ = {isa = PBXFileReference; lastKnownFileType = folder.assetcatalog; path = Assets.xcassets; sourceTree = "<group>"; };
		F4F0AC402C3678CE008CD8CF /* Base */ = {isa = PBXFileReference; lastKnownFileType = file.storyboard; name = Base; path = Base.lproj/LaunchScreen.storyboard; sourceTree = "<group>"; };
		F4F0AC422C3678CE008CD8CF /* Info.plist */ = {isa = PBXFileReference; lastKnownFileType = text.plist.xml; path = Info.plist; sourceTree = "<group>"; };
/* End PBXFileReference section */

/* Begin PBXFrameworksBuildPhase section */
		F4F0AC2E2C3678CC008CD8CF /* Frameworks */ = {
			isa = PBXFrameworksBuildPhase;
			buildActionMask = 2147483647;
			files = (
				D7592F844A22AD40513362E1 /* Pods_text_to_speech.framework in Frameworks */,
			);
			runOnlyForDeploymentPostprocessing = 0;
		};
/* End PBXFrameworksBuildPhase section */

/* Begin PBXGroup section */
		E823939F57830C45C5FF577F /* Frameworks */ = {
			isa = PBXGroup;
			children = (
				1A74F8E8AA519C99AC5C07CE /* Pods_text_to_speech.framework */,
			);
			name = Frameworks;
			sourceTree = "<group>";
		};
		F4F0AC282C3678CC008CD8CF = {
			isa = PBXGroup;
			children = (
				F4F0AC332C3678CC008CD8CF /* text-to-speech */,
				F4F0AC322C3678CC008CD8CF /* Products */,
				F865DD2A5FAAA0B2F26BF2B7 /* Pods */,
				E823939F57830C45C5FF577F /* Frameworks */,
			);
			sourceTree = "<group>";
		};
		F4F0AC322C3678CC008CD8CF /* Products */ = {
			isa = PBXGroup;
			children = (
				F4F0AC312C3678CC008CD8CF /* text-to-speech.app */,
			);
			name = Products;
			sourceTree = "<group>";
		};
		F4F0AC332C3678CC008CD8CF /* text-to-speech */ = {
			isa = PBXGroup;
			children = (
				F4F0AC342C3678CC008CD8CF /* AppDelegate.swift */,
				F4F0AC362C3678CC008CD8CF /* SceneDelegate.swift */,
				F4F0AC382C3678CC008CD8CF /* ViewController.swift */,
				F4F0AC3A2C3678CC008CD8CF /* Main.storyboard */,
				F4F0AC3D2C3678CE008CD8CF /* Assets.xcassets */,
				F4F0AC3F2C3678CE008CD8CF /* LaunchScreen.storyboard */,
				F4F0AC422C3678CE008CD8CF /* Info.plist */,
			);
			path = "text-to-speech";
			sourceTree = "<group>";
		};
		F865DD2A5FAAA0B2F26BF2B7 /* Pods */ = {
			isa = PBXGroup;
			children = (
				9F65D762011E71EEF7C588DE /* Pods-text-to-speech.debug.xcconfig */,
				E67006FC0BABF6B71925F1F7 /* Pods-text-to-speech.release.xcconfig */,
			);
			path = Pods;
			sourceTree = "<group>";
		};
/* End PBXGroup section */

/* Begin PBXNativeTarget section */
		F4F0AC302C3678CC008CD8CF /* text-to-speech */ = {
			isa = PBXNativeTarget;
			buildConfigurationList = F4F0AC452C3678CE008CD8CF /* Build configuration list for PBXNativeTarget "text-to-speech" */;
			buildPhases = (
				0D0FECDEFB8CE9C7B21CE287 /* [CP] Check Pods Manifest.lock */,
				F4F0AC2D2C3678CC008CD8CF /* Sources */,
				F4F0AC2E2C3678CC008CD8CF /* Frameworks */,
				F4F0AC2F2C3678CC008CD8CF /* Resources */,
				AEF78D453E5E48A545487D3A /* [CP] Embed Pods Frameworks */,
			);
			buildRules = (
			);
			dependencies = (
			);
			name = "text-to-speech";
			productName = "text-to-speech";
			productReference = F4F0AC312C3678CC008CD8CF /* text-to-speech.app */;
			productType = "com.apple.product-type.application";
		};
/* End PBXNativeTarget section */

/* Begin PBXProject section */
		F4F0AC292C3678CC008CD8CF /* Project object */ = {
			isa = PBXProject;
			attributes = {
				BuildIndependentTargetsInParallel = 1;
				LastSwiftUpdateCheck = 1540;
				LastUpgradeCheck = 1540;
				TargetAttributes = {
					F4F0AC302C3678CC008CD8CF = {
						CreatedOnToolsVersion = 15.4;
					};
				};
			};
			buildConfigurationList = F4F0AC2C2C3678CC008CD8CF /* Build configuration list for PBXProject "text-to-speech" */;
			compatibilityVersion = "Xcode 14.0";
			developmentRegion = en;
			hasScannedForEncodings = 0;
			knownRegions = (
				en,
				Base,
			);
			mainGroup = F4F0AC282C3678CC008CD8CF;
			productRefGroup = F4F0AC322C3678CC008CD8CF /* Products */;
			projectDirPath = "";
			projectRoot = "";
			targets = (
				F4F0AC302C3678CC008CD8CF /* text-to-speech */,
			);
		};
/* End PBXProject section */

/* Begin PBXResourcesBuildPhase section */
		F4F0AC2F2C3678CC008CD8CF /* Resources */ = {
			isa = PBXResourcesBuildPhase;
			buildActionMask = 2147483647;
			files = (
				F4F0AC3E2C3678CE008CD8CF /* Assets.xcassets in Resources */,
				F4F0AC412C3678CE008CD8CF /* Base in Resources */,
				F4F0AC3C2C3678CC008CD8CF /* Base in Resources */,
			);
			runOnlyForDeploymentPostprocessing = 0;
		};
/* End PBXResourcesBuildPhase section */

/* Begin PBXShellScriptBuildPhase section */
		0D0FECDEFB8CE9C7B21CE287 /* [CP] Check Pods Manifest.lock */ = {
			isa = PBXShellScriptBuildPhase;
			buildActionMask = 2147483647;
			files = (
			);
			inputFileListPaths = (
			);
			inputPaths = (
				"${PODS_PODFILE_DIR_PATH}/Podfile.lock",
				"${PODS_ROOT}/Manifest.lock",
			);
			name = "[CP] Check Pods Manifest.lock";
			outputFileListPaths = (
			);
			outputPaths = (
				"$(DERIVED_FILE_DIR)/Pods-text-to-speech-checkManifestLockResult.txt",
			);
			runOnlyForDeploymentPostprocessing = 0;
			shellPath = /bin/sh;
			shellScript = "diff \"${PODS_PODFILE_DIR_PATH}/Podfile.lock\" \"${PODS_ROOT}/Manifest.lock\" > /dev/null\nif [ $? != 0 ] ; then\n    # print error to STDERR\n    echo \"error: The sandbox is not in sync with the Podfile.lock. Run 'pod install' or update your CocoaPods installation.\" >&2\n    exit 1\nfi\n# This output is used by Xcode 'outputs' to avoid re-running this script phase.\necho \"SUCCESS\" > \"${SCRIPT_OUTPUT_FILE_0}\"\n";
			showEnvVarsInLog = 0;
		};
		AEF78D453E5E48A545487D3A /* [CP] Embed Pods Frameworks */ = {
			isa = PBXShellScriptBuildPhase;
			buildActionMask = 2147483647;
			files = (
			);
			inputFileListPaths = (
				"${PODS_ROOT}/Target Support Files/Pods-text-to-speech/Pods-text-to-speech-frameworks-${CONFIGURATION}-input-files.xcfilelist",
			);
			name = "[CP] Embed Pods Frameworks";
			outputFileListPaths = (
				"${PODS_ROOT}/Target Support Files/Pods-text-to-speech/Pods-text-to-speech-frameworks-${CONFIGURATION}-output-files.xcfilelist",
			);
			runOnlyForDeploymentPostprocessing = 0;
			shellPath = /bin/sh;
			shellScript = "\"${PODS_ROOT}/Target Support Files/Pods-text-to-speech/Pods-text-to-speech-frameworks.sh\"\n";
			showEnvVarsInLog = 0;
		};
/* End PBXShellScriptBuildPhase section */

/* Begin PBXSourcesBuildPhase section */
		F4F0AC2D2C3678CC008CD8CF /* Sources */ = {
			isa = PBXSourcesBuildPhase;
			buildActionMask = 2147483647;
			files = (
				F4F0AC392C3678CC008CD8CF /* ViewController.swift in Sources */,
				F4F0AC352C3678CC008CD8CF /* AppDelegate.swift in Sources */,
				F4F0AC372C3678CC008CD8CF /* SceneDelegate.swift in Sources */,
			);
			runOnlyForDeploymentPostprocessing = 0;
		};
/* End PBXSourcesBuildPhase section */

/* Begin PBXVariantGroup section */
		F4F0AC3A2C3678CC008CD8CF /* Main.storyboard */ = {
			isa = PBXVariantGroup;
			children = (
				F4F0AC3B2C3678CC008CD8CF /* Base */,
			);
			name = Main.storyboard;
			sourceTree = "<group>";
		};
		F4F0AC3F2C3678CE008CD8CF /* LaunchScreen.storyboard */ = {
			isa = PBXVariantGroup;
			children = (
				F4F0AC402C3678CE008CD8CF /* Base */,
			);
			name = LaunchScreen.storyboard;
			sourceTree = "<group>";
		};
/* End PBXVariantGroup section */

/* Begin XCBuildConfiguration section */
		F4F0AC432C3678CE008CD8CF /* Debug */ = {
			isa = XCBuildConfiguration;
			buildSettings = {
				ALWAYS_SEARCH_USER_PATHS = NO;
				ASSETCATALOG_COMPILER_GENERATE_SWIFT_ASSET_SYMBOL_EXTENSIONS = YES;
				CLANG_ANALYZER_NONNULL = YES;
				CLANG_ANALYZER_NUMBER_OBJECT_CONVERSION = YES_AGGRESSIVE;
				CLANG_CXX_LANGUAGE_STANDARD = "gnu++20";
				CLANG_ENABLE_MODULES = YES;
				CLANG_ENABLE_OBJC_ARC = YES;
				CLANG_ENABLE_OBJC_WEAK = YES;
				CLANG_WARN_BLOCK_CAPTURE_AUTORELEASING = YES;
				CLANG_WARN_BOOL_CONVERSION = YES;
				CLANG_WARN_COMMA = YES;
				CLANG_WARN_CONSTANT_CONVERSION = YES;
				CLANG_WARN_DEPRECATED_OBJC_IMPLEMENTATIONS = YES;
				CLANG_WARN_DIRECT_OBJC_ISA_USAGE = YES_ERROR;
				CLANG_WARN_DOCUMENTATION_COMMENTS = YES;
				CLANG_WARN_EMPTY_BODY = YES;
				CLANG_WARN_ENUM_CONVERSION = YES;
				CLANG_WARN_INFINITE_RECURSION = YES;
				CLANG_WARN_INT_CONVERSION = YES;
				CLANG_WARN_NON_LITERAL_NULL_CONVERSION = YES;
				CLANG_WARN_OBJC_IMPLICIT_RETAIN_SELF = YES;
				CLANG_WARN_OBJC_LITERAL_CONVERSION = YES;
				CLANG_WARN_OBJC_ROOT_CLASS = YES_ERROR;
				CLANG_WARN_QUOTED_INCLUDE_IN_FRAMEWORK_HEADER = YES;
				CLANG_WARN_RANGE_LOOP_ANALYSIS = YES;
				CLANG_WARN_STRICT_PROTOTYPES = YES;
				CLANG_WARN_SUSPICIOUS_MOVE = YES;
				CLANG_WARN_UNGUARDED_AVAILABILITY = YES_AGGRESSIVE;
				CLANG_WARN_UNREACHABLE_CODE = YES;
				CLANG_WARN__DUPLICATE_METHOD_MATCH = YES;
				COPY_PHASE_STRIP = NO;
				DEBUG_INFORMATION_FORMAT = dwarf;
				ENABLE_STRICT_OBJC_MSGSEND = YES;
				ENABLE_TESTABILITY = YES;
				ENABLE_USER_SCRIPT_SANDBOXING = NO;
				GCC_C_LANGUAGE_STANDARD = gnu17;
				GCC_DYNAMIC_NO_PIC = NO;
				GCC_NO_COMMON_BLOCKS = YES;
				GCC_OPTIMIZATION_LEVEL = 0;
				GCC_PREPROCESSOR_DEFINITIONS = (
					"DEBUG=1",
					"$(inherited)",
				);
				GCC_WARN_64_TO_32_BIT_CONVERSION = YES;
				GCC_WARN_ABOUT_RETURN_TYPE = YES_ERROR;
				GCC_WARN_UNDECLARED_SELECTOR = YES;
				GCC_WARN_UNINITIALIZED_AUTOS = YES_AGGRESSIVE;
				GCC_WARN_UNUSED_FUNCTION = YES;
				GCC_WARN_UNUSED_VARIABLE = YES;
				IPHONEOS_DEPLOYMENT_TARGET = 17.5;
				LOCALIZATION_PREFERS_STRING_CATALOGS = YES;
				MTL_ENABLE_DEBUG_INFO = INCLUDE_SOURCE;
				MTL_FAST_MATH = YES;
				ONLY_ACTIVE_ARCH = YES;
				SDKROOT = iphoneos;
				SWIFT_ACTIVE_COMPILATION_CONDITIONS = "DEBUG $(inherited)";
				SWIFT_OPTIMIZATION_LEVEL = "-Onone";
			};
			name = Debug;
		};
		F4F0AC442C3678CE008CD8CF /* Release */ = {
			isa = XCBuildConfiguration;
			buildSettings = {
				ALWAYS_SEARCH_USER_PATHS = NO;
				ASSETCATALOG_COMPILER_GENERATE_SWIFT_ASSET_SYMBOL_EXTENSIONS = YES;
				CLANG_ANALYZER_NONNULL = YES;
				CLANG_ANALYZER_NUMBER_OBJECT_CONVERSION = YES_AGGRESSIVE;
				CLANG_CXX_LANGUAGE_STANDARD = "gnu++20";
				CLANG_ENABLE_MODULES = YES;
				CLANG_ENABLE_OBJC_ARC = YES;
				CLANG_ENABLE_OBJC_WEAK = YES;
				CLANG_WARN_BLOCK_CAPTURE_AUTORELEASING = YES;
				CLANG_WARN_BOOL_CONVERSION = YES;
				CLANG_WARN_COMMA = YES;
				CLANG_WARN_CONSTANT_CONVERSION = YES;
				CLANG_WARN_DEPRECATED_OBJC_IMPLEMENTATIONS = YES;
				CLANG_WARN_DIRECT_OBJC_ISA_USAGE = YES_ERROR;
				CLANG_WARN_DOCUMENTATION_COMMENTS = YES;
				CLANG_WARN_EMPTY_BODY = YES;
				CLANG_WARN_ENUM_CONVERSION = YES;
				CLANG_WARN_INFINITE_RECURSION = YES;
				CLANG_WARN_INT_CONVERSION = YES;
				CLANG_WARN_NON_LITERAL_NULL_CONVERSION = YES;
				CLANG_WARN_OBJC_IMPLICIT_RETAIN_SELF = YES;
				CLANG_WARN_OBJC_LITERAL_CONVERSION = YES;
				CLANG_WARN_OBJC_ROOT_CLASS = YES_ERROR;
				CLANG_WARN_QUOTED_INCLUDE_IN_FRAMEWORK_HEADER = YES;
				CLANG_WARN_RANGE_LOOP_ANALYSIS = YES;
				CLANG_WARN_STRICT_PROTOTYPES = YES;
				CLANG_WARN_SUSPICIOUS_MOVE = YES;
				CLANG_WARN_UNGUARDED_AVAILABILITY = YES_AGGRESSIVE;
				CLANG_WARN_UNREACHABLE_CODE = YES;
				CLANG_WARN__DUPLICATE_METHOD_MATCH = YES;
				COPY_PHASE_STRIP = NO;
				DEBUG_INFORMATION_FORMAT = "dwarf-with-dsym";
				ENABLE_NS_ASSERTIONS = NO;
				ENABLE_STRICT_OBJC_MSGSEND = YES;
				ENABLE_USER_SCRIPT_SANDBOXING = NO;
				GCC_C_LANGUAGE_STANDARD = gnu17;
				GCC_NO_COMMON_BLOCKS = YES;
				GCC_WARN_64_TO_32_BIT_CONVERSION = YES;
				GCC_WARN_ABOUT_RETURN_TYPE = YES_ERROR;
				GCC_WARN_UNDECLARED_SELECTOR = YES;
				GCC_WARN_UNINITIALIZED_AUTOS = YES_AGGRESSIVE;
				GCC_WARN_UNUSED_FUNCTION = YES;
				GCC_WARN_UNUSED_VARIABLE = YES;
				IPHONEOS_DEPLOYMENT_TARGET = 17.5;
				LOCALIZATION_PREFERS_STRING_CATALOGS = YES;
				MTL_ENABLE_DEBUG_INFO = NO;
				MTL_FAST_MATH = YES;
				SDKROOT = iphoneos;
				SWIFT_COMPILATION_MODE = wholemodule;
				VALIDATE_PRODUCT = YES;
			};
			name = Release;
		};
		F4F0AC462C3678CE008CD8CF /* Debug */ = {
			isa = XCBuildConfiguration;
			baseConfigurationReference = 9F65D762011E71EEF7C588DE /* Pods-text-to-speech.debug.xcconfig */;
			buildSettings = {
				ASSETCATALOG_COMPILER_APPICON_NAME = AppIcon;
				ASSETCATALOG_COMPILER_GLOBAL_ACCENT_COLOR_NAME = AccentColor;
				CODE_SIGN_STYLE = Automatic;
				CURRENT_PROJECT_VERSION = 1;
				DEVELOPMENT_TEAM = KPPHDRLS38;
				GENERATE_INFOPLIST_FILE = YES;
				INFOPLIST_FILE = "text-to-speech/Info.plist";
				INFOPLIST_KEY_UIApplicationSupportsIndirectInputEvents = YES;
				INFOPLIST_KEY_UILaunchStoryboardName = LaunchScreen;
				INFOPLIST_KEY_UIMainStoryboardFile = Main;
				INFOPLIST_KEY_UISupportedInterfaceOrientations_iPad = "UIInterfaceOrientationPortrait UIInterfaceOrientationPortraitUpsideDown UIInterfaceOrientationLandscapeLeft UIInterfaceOrientationLandscapeRight";
				INFOPLIST_KEY_UISupportedInterfaceOrientations_iPhone = "UIInterfaceOrientationPortrait UIInterfaceOrientationLandscapeLeft UIInterfaceOrientationLandscapeRight";
				IPHONEOS_DEPLOYMENT_TARGET = 14;
				LD_RUNPATH_SEARCH_PATHS = (
					"$(inherited)",
					"@executable_path/Frameworks",
				);
				MARKETING_VERSION = 1.0;
				PRODUCT_BUNDLE_IDENTIFIER = "com.potenza.testapp.text-to-speech";
				PRODUCT_NAME = "$(TARGET_NAME)";
				SWIFT_EMIT_LOC_STRINGS = YES;
				SWIFT_VERSION = 5.0;
				TARGETED_DEVICE_FAMILY = "1,2";
			};
			name = Debug;
		};
		F4F0AC472C3678CE008CD8CF /* Release */ = {
			isa = XCBuildConfiguration;
			baseConfigurationReference = E67006FC0BABF6B71925F1F7 /* Pods-text-to-speech.release.xcconfig */;
			buildSettings = {
				ASSETCATALOG_COMPILER_APPICON_NAME = AppIcon;
				ASSETCATALOG_COMPILER_GLOBAL_ACCENT_COLOR_NAME = AccentColor;
				CODE_SIGN_STYLE = Automatic;
				CURRENT_PROJECT_VERSION = 1;
				DEVELOPMENT_TEAM = KPPHDRLS38;
				GENERATE_INFOPLIST_FILE = YES;
				INFOPLIST_FILE = "text-to-speech/Info.plist";
				INFOPLIST_KEY_UIApplicationSupportsIndirectInputEvents = YES;
				INFOPLIST_KEY_UILaunchStoryboardName = LaunchScreen;
				INFOPLIST_KEY_UIMainStoryboardFile = Main;
				INFOPLIST_KEY_UISupportedInterfaceOrientations_iPad = "UIInterfaceOrientationPortrait UIInterfaceOrientationPortraitUpsideDown UIInterfaceOrientationLandscapeLeft UIInterfaceOrientationLandscapeRight";
				INFOPLIST_KEY_UISupportedInterfaceOrientations_iPhone = "UIInterfaceOrientationPortrait UIInterfaceOrientationLandscapeLeft UIInterfaceOrientationLandscapeRight";
				IPHONEOS_DEPLOYMENT_TARGET = 14;
				LD_RUNPATH_SEARCH_PATHS = (
					"$(inherited)",
					"@executable_path/Frameworks",
				);
				MARKETING_VERSION = 1.0;
				PRODUCT_BUNDLE_IDENTIFIER = "com.potenza.testapp.text-to-speech";
				PRODUCT_NAME = "$(TARGET_NAME)";
				SWIFT_EMIT_LOC_STRINGS = YES;
				SWIFT_VERSION = 5.0;
				TARGETED_DEVICE_FAMILY = "1,2";
			};
			name = Release;
		};
/* End XCBuildConfiguration section */

/* Begin XCConfigurationList section */
		F4F0AC2C2C3678CC008CD8CF /* Build configuration list for PBXProject "text-to-speech" */ = {
			isa = XCConfigurationList;
			buildConfigurations = (
				F4F0AC432C3678CE008CD8CF /* Debug */,
				F4F0AC442C3678CE008CD8CF /* Release */,
			);
			defaultConfigurationIsVisible = 0;
			defaultConfigurationName = Release;
		};
		F4F0AC452C3678CE008CD8CF /* Build configuration list for PBXNativeTarget "text-to-speech" */ = {
			isa = XCConfigurationList;
			buildConfigurations = (
				F4F0AC462C3678CE008CD8CF /* Debug */,
				F4F0AC472C3678CE008CD8CF /* Release */,
			);
			defaultConfigurationIsVisible = 0;
			defaultConfigurationName = Release;
		};
/* End XCConfigurationList section */
	};
	rootObject = F4F0AC292C3678CC008CD8CF /* Project object */;
}
